github.com/barklan/hugo-dead-simple v1.76.5 h1:iXWWFrb/c9VCYFMI7bij/q/IbdY2Llnn/M2lPA2E/vg=
github.com/barklan/hugo-dead-simple v1.76.5/go.mod h1:Ql5njM3SwZWMqWD1bt6UQoebKHIuRt37HeEkiWMUxXo=
github.com/barklan/hugo-dead-simple v1.76.6 h1:lMH84OqjbdQSZD/gqV8tKNOwac/x59xwz7uChf2xI34=
github.com/barklan/hugo-dead-simple v1.76.6/go.mod h1:Ql5njM3SwZWMqWD1bt6UQoebKHIuRt37HeEkiWMUxXo=
